
Microsoft Visual Studio Solution File, Format Version 12.00
# Visual Studio Version 16
VisualStudioVersion = 16.0.31402.337
MinimumVisualStudioVersion = 10.0.40219.1
Project("{FAE04EC0-301F-11D3-BF4B-00C04F79EFBC}") = "EmployeeInfoAPI", "EmployeeInfoAPI\EmployeeInfoAPI.csproj", "{96407AD3-46AD-4175-9AE2-EECA65E95EBF}"
EndProject
Global
	GlobalSection(SolutionConfigurationPlatforms) = preSolution
		Debug|Any CPU = Debug|Any CPU
		Release|Any CPU = Release|Any CPU
	EndGlobalSection
	GlobalSection(ProjectConfigurationPlatforms) = postSolution
		{96407AD3-46AD-4175-9AE2-EECA65E95EBF}.Debug|Any CPU.ActiveCfg = Debug|Any CPU
		{96407AD3-46AD-4175-9AE2-EECA65E95EBF}.Debug|Any CPU.Build.0 = Debug|Any CPU
		{96407AD3-46AD-4175-9AE2-EECA65E95EBF}.Release|Any CPU.ActiveCfg = Release|Any CPU
		{96407AD3-46AD-4175-9AE2-EECA65E95EBF}.Release|Any CPU.Build.0 = Release|Any CPU
	EndGlobalSection
	GlobalSection(SolutionProperties) = preSolution
		HideSolutionNode = FALSE
	EndGlobalSection
	GlobalSection(ExtensibilityGlobals) = postSolution
		SolutionGuid = {8D227DFF-AFFD-415F-B820-7F699D174237}
	EndGlobalSection
EndGlobal
